
Microsoft Visual Studio Solution File, Format Version 12.00
# Visual Studio Version 17
VisualStudioVersion = 17.13.35919.96 d17.13
MinimumVisualStudioVersion = 10.0.40219.1
Project("{FAE04EC0-301F-11D3-BF4B-00C04F79EFBC}") = "monogame-projekt", "monogame-projekt.csproj", "{A72BB2C9-7DB8-4898-9089-FFB8FE2BF282}"
EndProject
Project("{FAE04EC0-301F-11D3-BF4B-00C04F79EFBC}") = "MonoGameLibrary", "..\MonoGameLibrary\MonoGameLibrary.csproj", "{68DF9957-A699-4BE2-A146-4CA320BF9488}"
EndProject
Global
	GlobalSection(SolutionConfigurationPlatforms) = preSolution
		Debug|Any CPU = Debug|Any CPU
		Release|Any CPU = Release|Any CPU
	EndGlobalSection
	GlobalSection(ProjectConfigurationPlatforms) = postSolution
		{A72BB2C9-7DB8-4898-9089-FFB8FE2BF282}.Debug|Any CPU.ActiveCfg = Debug|Any CPU
		{A72BB2C9-7DB8-4898-9089-FFB8FE2BF282}.Debug|Any CPU.Build.0 = Debug|Any CPU
		{A72BB2C9-7DB8-4898-9089-FFB8FE2BF282}.Release|Any CPU.ActiveCfg = Release|Any CPU
		{A72BB2C9-7DB8-4898-9089-FFB8FE2BF282}.Release|Any CPU.Build.0 = Release|Any CPU
		{68DF9957-A699-4BE2-A146-4CA320BF9488}.Debug|Any CPU.ActiveCfg = Debug|Any CPU
		{68DF9957-A699-4BE2-A146-4CA320BF9488}.Debug|Any CPU.Build.0 = Debug|Any CPU
		{68DF9957-A699-4BE2-A146-4CA320BF9488}.Release|Any CPU.ActiveCfg = Release|Any CPU
		{68DF9957-A699-4BE2-A146-4CA320BF9488}.Release|Any CPU.Build.0 = Release|Any CPU
	EndGlobalSection
	GlobalSection(SolutionProperties) = preSolution
		HideSolutionNode = FALSE
	EndGlobalSection
	GlobalSection(ExtensibilityGlobals) = postSolution
		SolutionGuid = {B8349E56-15C0-4A78-92C2-9879623BA12D}
	EndGlobalSection
EndGlobal
