
Microsoft Visual Studio Solution File, Format Version 12.00
Project("{FAE04EC0-301F-11D3-BF4B-00C04F79EFBC}") = "monogame-projekt", "monogame-projekt.csproj", "{A72BB2C9-7DB8-4898-9089-FFB8FE2BF282}"
EndProject
Global
	GlobalSection(SolutionConfigurationPlatforms) = preSolution
		Debug|Any CPU = Debug|Any CPU
		Release|Any CPU = Release|Any CPU
	EndGlobalSection
	GlobalSection(ProjectConfigurationPlatforms) = postSolution
		{A72BB2C9-7DB8-4898-9089-FFB8FE2BF282}.Debug|Any CPU.ActiveCfg = Debug|Any CPU
		{A72BB2C9-7DB8-4898-9089-FFB8FE2BF282}.Debug|Any CPU.Build.0 = Debug|Any CPU
		{A72BB2C9-7DB8-4898-9089-FFB8FE2BF282}.Release|Any CPU.ActiveCfg = Release|Any CPU
		{A72BB2C9-7DB8-4898-9089-FFB8FE2BF282}.Release|Any CPU.Build.0 = Release|Any CPU
	EndGlobalSection
EndGlobal
